{
    "_readme": [
        "This file locks the dependencies of your project to a known state",
        "Read more about it at https://getcomposer.org/doc/01-basic-usage.md#composer-lock-the-lock-file",
        "This file is @generated automatically"
    ],
    "content-hash": "3e885fcd68bf54874d7378592f5ad172",
    "packages": [
        {
            "name": "workerman/channel",
            "version": "v1.0.3",
            "source": {
                "type": "git",
                "url": "https://github.com/walkor/Channel.git",
                "reference": "1425baf00f6342bfee89b726326225a8b6a8ea80"
            },
            "dist": {
                "type": "zip",
                "url": "https://files.phpcomposer.com/files/walkor/Channel/1425baf00f6342bfee89b726326225a8b6a8ea80.zip",
                "reference": "1425baf00f6342bfee89b726326225a8b6a8ea80",
                "shasum": ""
            },
            "require": {
                "workerman/workerman": ">=3.3.0"
            },
            "type": "project",
            "autoload": {
                "psr-4": {
                    "Channel\\": "./src"
                }
            },
            "notification-url": "https://packagist.org/downloads/",
            "license": [
                "MIT"
            ],
            "homepage": "http://www.workerman.net",
            "time": "2016-04-07T07:26:43+00:00"
        },
        {
            "name": "workerman/globaldata",
            "version": "v1.0.2",
            "source": {
                "type": "git",
                "url": "https://github.com/walkor/GlobalData.git",
                "reference": "ea3eca7b351693b4fb8580e7b351f12dd28c78fe"
            },
            "dist": {
                "type": "zip",
                "url": "https://files.phpcomposer.com/files/walkor/GlobalData/ea3eca7b351693b4fb8580e7b351f12dd28c78fe.zip",
                "reference": "ea3eca7b351693b4fb8580e7b351f12dd28c78fe",
                "shasum": ""
            },
            "require": {
                "workerman/workerman": ">=3.3.0"
            },
            "type": "project",
            "autoload": {
                "psr-4": {
                    "GlobalData\\": "./src"
                }
            },
            "notification-url": "https://packagist.org/downloads/",
            "license": [
                "MIT"
            ],
            "homepage": "http://www.workerman.net",
            "time": "2016-06-02T06:35:44+00:00"
        },
        {
            "name": "workerman/mysql",
            "version": "v1.0.1",
            "source": {
                "type": "git",
                "url": "https://github.com/walkor/mysql.git",
                "reference": "745d62528372e0ca7f1be05f029493b9fce2dc76"
            },
            "dist": {
                "type": "zip",
                "url": "https://files.phpcomposer.com/files/walkor/mysql/745d62528372e0ca7f1be05f029493b9fce2dc76.zip",
                "reference": "745d62528372e0ca7f1be05f029493b9fce2dc76",
                "shasum": ""
            },
            "require": {
                "ext-pdo": "*",
                "ext-pdo_mysql": "*",
                "php": ">=5.3"
            },
            "type": "library",
            "autoload": {
                "psr-4": {
                    "Workerman\\MySQL\\": "./src"
                }
            },
            "notification-url": "https://packagist.org/downloads/",
            "license": [
                "MIT"
            ],
            "description": "Long-living MySQL connection for daemon.",
            "homepage": "http://www.workerman.net",
            "keywords": [
                "mysql",
                "pdo",
                "pdo_mysql"
            ],
            "time": "2017-03-18T01:48:33+00:00"
        },
        {
            "name": "workerman/workerman",
            "version": "v3.5.0",
            "source": {
                "type": "git",
                "url": "https://github.com/walkor/Workerman.git",
                "reference": "d0ceb68782e27537f78735880581829253981c03"
            },
            "dist": {
                "type": "zip",
                "url": "https://files.phpcomposer.com/files/walkor/Workerman/d0ceb68782e27537f78735880581829253981c03.zip",
                "reference": "d0ceb68782e27537f78735880581829253981c03",
                "shasum": ""
            },
            "require": {
                "ext-pcntl": "*",
                "ext-posix": "*",
                "php": ">=5.3"
            },
            "suggest": {
                "ext-event": "For better performance. "
            },
            "type": "library",
            "autoload": {
                "psr-4": {
                    "Workerman\\": "./"
                }
            },
            "notification-url": "https://packagist.org/downloads/",
            "license": [
                "MIT"
            ],
            "authors": [
                {
                    "name": "walkor",
                    "email": "walkor@workerman.net",
                    "homepage": "http://www.workerman.net",
                    "role": "Developer"
                }
            ],
            "description": "An asynchronous event driven PHP framework for easily building fast, scalable network applications.",
            "homepage": "http://www.workerman.net",
            "keywords": [
                "asynchronous",
                "event-loop"
            ],
            "time": "2017-08-23T06:03:59+00:00"
        }
    ],
    "packages-dev": [],
    "aliases": [],
    "minimum-stability": "stable",
    "stability-flags": [],
    "prefer-stable": false,
    "prefer-lowest": false,
    "platform": [],
    "platform-dev": []
}
